
Microsoft Visual Studio Solution File, Format Version 12.00
# Visual Studio Version 17
VisualStudioVersion = 17.2.32630.192
MinimumVisualStudioVersion = 10.0.40219.1
Project("{9A19103F-16F7-4668-BE54-9A1E7A4F7556}") = "WEB", "WEB.csproj", "{FFCA3CE3-D71E-405E-B8C3-3D2C03821BAD}"
EndProject
Global
	GlobalSection(SolutionConfigurationPlatforms) = preSolution
		Debug|Any CPU = Debug|Any CPU
		Release|Any CPU = Release|Any CPU
	EndGlobalSection
	GlobalSection(ProjectConfigurationPlatforms) = postSolution
		{FFCA3CE3-D71E-405E-B8C3-3D2C03821BAD}.Debug|Any CPU.ActiveCfg = Debug|Any CPU
		{FFCA3CE3-D71E-405E-B8C3-3D2C03821BAD}.Debug|Any CPU.Build.0 = Debug|Any CPU
		{FFCA3CE3-D71E-405E-B8C3-3D2C03821BAD}.Release|Any CPU.ActiveCfg = Release|Any CPU
		{FFCA3CE3-D71E-405E-B8C3-3D2C03821BAD}.Release|Any CPU.Build.0 = Release|Any CPU
	EndGlobalSection
	GlobalSection(SolutionProperties) = preSolution
		HideSolutionNode = FALSE
	EndGlobalSection
	GlobalSection(ExtensibilityGlobals) = postSolution
		SolutionGuid = {73453B2C-7273-46A4-91A0-7ECDCE470BF0}
	EndGlobalSection
EndGlobal
